
Microsoft Visual Studio Solution File, Format Version 12.00
# Visual Studio Version 17
VisualStudioVersion = 17.5.2.0
MinimumVisualStudioVersion = 10.0.40219.1
Project("{FAE04EC0-301F-11D3-BF4B-00C04F79EFBC}") = "EnkelOmröstning", "EnkelOmröstning.csproj", "{69F85D5B-5A29-229A-A9CF-FA4618536B6F}"
EndProject
Global
	GlobalSection(SolutionConfigurationPlatforms) = preSolution
		Debug|Any CPU = Debug|Any CPU
		Release|Any CPU = Release|Any CPU
	EndGlobalSection
	GlobalSection(ProjectConfigurationPlatforms) = postSolution
		{69F85D5B-5A29-229A-A9CF-FA4618536B6F}.Debug|Any CPU.ActiveCfg = Debug|Any CPU
		{69F85D5B-5A29-229A-A9CF-FA4618536B6F}.Debug|Any CPU.Build.0 = Debug|Any CPU
		{69F85D5B-5A29-229A-A9CF-FA4618536B6F}.Release|Any CPU.ActiveCfg = Release|Any CPU
		{69F85D5B-5A29-229A-A9CF-FA4618536B6F}.Release|Any CPU.Build.0 = Release|Any CPU
	EndGlobalSection
	GlobalSection(SolutionProperties) = preSolution
		HideSolutionNode = FALSE
	EndGlobalSection
	GlobalSection(ExtensibilityGlobals) = postSolution
		SolutionGuid = {3CFD97A1-ADD2-4F89-99CE-50217318BB6A}
	EndGlobalSection
EndGlobal
